
Microsoft Visual Studio Solution File, Format Version 12.00
# Visual Studio Version 17
VisualStudioVersion = 17.7.34031.279
MinimumVisualStudioVersion = 10.0.40219.1
Project("{FAE04EC0-301F-11D3-BF4B-00C04F79EFBC}") = "QuantumDiffusion3DFD.Server", "Server\QuantumDiffusion3DFD.Server.csproj", "{2EDA4C80-6557-47C6-B982-9D9972E2CAB2}"
EndProject
Project("{FAE04EC0-301F-11D3-BF4B-00C04F79EFBC}") = "QuantumDiffusion3DFD.Client", "Client\QuantumDiffusion3DFD.Client.csproj", "{30105A14-DFA5-4F7C-9030-37C786B1DBB7}"
EndProject
Project("{FAE04EC0-301F-11D3-BF4B-00C04F79EFBC}") = "QuantumDiffusion3DFD.Shared", "Shared\QuantumDiffusion3DFD.Shared.csproj", "{2FF08CA7-C987-4F7E-8B03-5D8A6E050AC5}"
EndProject
Global
	GlobalSection(SolutionConfigurationPlatforms) = preSolution
		Debug|Any CPU = Debug|Any CPU
		Release|Any CPU = Release|Any CPU
	EndGlobalSection
	GlobalSection(ProjectConfigurationPlatforms) = postSolution
		{2EDA4C80-6557-47C6-B982-9D9972E2CAB2}.Debug|Any CPU.ActiveCfg = Debug|Any CPU
		{2EDA4C80-6557-47C6-B982-9D9972E2CAB2}.Debug|Any CPU.Build.0 = Debug|Any CPU
		{2EDA4C80-6557-47C6-B982-9D9972E2CAB2}.Release|Any CPU.ActiveCfg = Release|Any CPU
		{2EDA4C80-6557-47C6-B982-9D9972E2CAB2}.Release|Any CPU.Build.0 = Release|Any CPU
		{30105A14-DFA5-4F7C-9030-37C786B1DBB7}.Debug|Any CPU.ActiveCfg = Debug|Any CPU
		{30105A14-DFA5-4F7C-9030-37C786B1DBB7}.Debug|Any CPU.Build.0 = Debug|Any CPU
		{30105A14-DFA5-4F7C-9030-37C786B1DBB7}.Release|Any CPU.ActiveCfg = Release|Any CPU
		{30105A14-DFA5-4F7C-9030-37C786B1DBB7}.Release|Any CPU.Build.0 = Release|Any CPU
		{2FF08CA7-C987-4F7E-8B03-5D8A6E050AC5}.Debug|Any CPU.ActiveCfg = Debug|Any CPU
		{2FF08CA7-C987-4F7E-8B03-5D8A6E050AC5}.Debug|Any CPU.Build.0 = Debug|Any CPU
		{2FF08CA7-C987-4F7E-8B03-5D8A6E050AC5}.Release|Any CPU.ActiveCfg = Release|Any CPU
		{2FF08CA7-C987-4F7E-8B03-5D8A6E050AC5}.Release|Any CPU.Build.0 = Release|Any CPU
	EndGlobalSection
	GlobalSection(SolutionProperties) = preSolution
		HideSolutionNode = FALSE
	EndGlobalSection
	GlobalSection(ExtensibilityGlobals) = postSolution
		SolutionGuid = {0F23247A-31E5-438D-A299-C639A65E1483}
	EndGlobalSection
EndGlobal
